
Microsoft Visual Studio Solution File, Format Version 12.00
# Visual Studio Version 17
VisualStudioVersion = 17.3.32804.467
MinimumVisualStudioVersion = 10.0.40219.1
Project("{FAE04EC0-301F-11D3-BF4B-00C04F79EFBC}") = "API_and_MVC", "API_and_MVC\API_and_MVC.csproj", "{15BA3078-5BE2-44EA-89B5-A7DB3135BD1F}"
EndProject
Global
	GlobalSection(SolutionConfigurationPlatforms) = preSolution
		Debug|Any CPU = Debug|Any CPU
		Release|Any CPU = Release|Any CPU
	EndGlobalSection
	GlobalSection(ProjectConfigurationPlatforms) = postSolution
		{15BA3078-5BE2-44EA-89B5-A7DB3135BD1F}.Debug|Any CPU.ActiveCfg = Debug|Any CPU
		{15BA3078-5BE2-44EA-89B5-A7DB3135BD1F}.Debug|Any CPU.Build.0 = Debug|Any CPU
		{15BA3078-5BE2-44EA-89B5-A7DB3135BD1F}.Release|Any CPU.ActiveCfg = Release|Any CPU
		{15BA3078-5BE2-44EA-89B5-A7DB3135BD1F}.Release|Any CPU.Build.0 = Release|Any CPU
	EndGlobalSection
	GlobalSection(SolutionProperties) = preSolution
		HideSolutionNode = FALSE
	EndGlobalSection
	GlobalSection(ExtensibilityGlobals) = postSolution
		SolutionGuid = {F2F344F9-54DA-4629-887F-2973A5B1F190}
	EndGlobalSection
EndGlobal
